{
  "version": 3,
  "targets": {
    "net6.0-windows7.0": {
      "Syncfusion.Licensing/20.1.0.47": {
        "type": "package",
        "compile": {
          "lib/net6.0/Syncfusion.Licensing.dll": {}
        },
        "runtime": {
          "lib/net6.0/Syncfusion.Licensing.dll": {}
        }
      },
      "Syncfusion.SfGauge.WPF/20.1.0.47": {
        "type": "package",
        "dependencies": {
          "Syncfusion.Licensing": "20.1.0.47",
          "Syncfusion.Shared.WPF": "20.1.0.47"
        },
        "compile": {
          "lib/net5.0-windows7.0/Syncfusion.SfGauge.WPF.dll": {}
        },
        "runtime": {
          "lib/net5.0-windows7.0/Syncfusion.SfGauge.WPF.dll": {}
        }
      },
      "Syncfusion.SfSkinManager.WPF/20.1.0.47": {
        "type": "package",
        "dependencies": {
          "Syncfusion.Licensing": "20.1.0.47"
        },
        "compile": {
          "lib/net5.0-windows7.0/Syncfusion.SfSkinManager.WPF.dll": {}
        },
        "runtime": {
          "lib/net5.0-windows7.0/Syncfusion.SfSkinManager.WPF.dll": {}
        }
      },
      "Syncfusion.Shared.WPF/20.1.0.47": {
        "type": "package",
        "dependencies": {
          "Syncfusion.Licensing": "20.1.0.47"
        },
        "compile": {
          "lib/net5.0-windows7.0/Syncfusion.Shared.WPF.dll": {}
        },
        "runtime": {
          "lib/net5.0-windows7.0/Syncfusion.Shared.WPF.dll": {}
        }
      },
      "Syncfusion.Themes.MaterialDark.WPF/20.1.0.47": {
        "type": "package",
        "dependencies": {
          "Syncfusion.Licensing": "20.1.0.47",
          "Syncfusion.SfSkinManager.WPF": "20.1.0.47"
        },
        "compile": {
          "lib/net5.0-windows7.0/Syncfusion.Themes.MaterialDark.WPF.dll": {}
        },
        "runtime": {
          "lib/net5.0-windows7.0/Syncfusion.Themes.MaterialDark.WPF.dll": {}
        }
      }
    }
  },
  "libraries": {
    "Syncfusion.Licensing/20.1.0.47": {
      "sha512": "wvtXu+N9seO8rHt18VmOGX9B2/aAzyxKteyDVXJPUBcuLf8PuRppBE9cx3gKeBokvMK03zihC/39xcz4kWdtNA==",
      "type": "package",
      "path": "syncfusion.licensing/20.1.0.47",
      "files": [
        ".nupkg.metadata",
        ".signature.p7s",
        "LICENSE.txt",
        "lib/MonoAndroid10.0/Syncfusion.Licensing.dll",
        "lib/MonoAndroid90/Syncfusion.Licensing.dll",
        "lib/Xamarin.Mac/Syncfusion.Licensing.dll",
        "lib/Xamarin.iOS10/Syncfusion.Licensing.dll",
        "lib/net20/Syncfusion.Licensing.dll",
        "lib/net35/Syncfusion.Licensing.dll",
        "lib/net40/Syncfusion.Licensing.dll",
        "lib/net45/Syncfusion.Licensing.dll",
        "lib/net451/Syncfusion.Licensing.dll",
        "lib/net46/Syncfusion.Licensing.dll",
        "lib/net5.0/Syncfusion.Licensing.dll",
        "lib/net6.0/Syncfusion.Licensing.dll",
        "lib/netcoreapp3.1/Syncfusion.Licensing.dll",
        "lib/netstandard1.0/Syncfusion.Licensing.dll",
        "lib/netstandard1.2/Syncfusion.Licensing.dll",
        "lib/netstandard1.4/Syncfusion.Licensing.dll",
        "lib/netstandard2.0/Syncfusion.Licensing.dll",
        "lib/portable-win+net45+wp80+win81+wpa81/Syncfusion.Licensing.dll",
        "lib/uap10.0/Syncfusion.Licensing.dll",
        "syncfusion.licensing.20.1.0.47.nupkg.sha512",
        "syncfusion.licensing.nuspec",
        "syncfusion_logo.png"
      ]
    },
    "Syncfusion.SfGauge.WPF/20.1.0.47": {
      "sha512": "8frGCUgOW3IeSDl5YNbdOArG1zTIBsuQSwHw6eFcqpZ0e9jQRXSJy8Pg+imM5/fvebahW7PkgVLNcW+aHQQqQA==",
      "type": "package",
      "path": "syncfusion.sfgauge.wpf/20.1.0.47",
      "hasTools": true,
      "files": [
        ".nupkg.metadata",
        ".signature.p7s",
        "LICENSE.txt",
        "README.md",
        "lib/net40/Design/Syncfusion.Design.Wpf.dll",
        "lib/net40/Design/Syncfusion.SfGauge.WPF.DesignTools.dll",
        "lib/net40/Design/Syncfusion.SfGauge.WPF.Expression.Design.dll",
        "lib/net40/Design/Syncfusion.SfGauge.WPF.VisualStudio.Design.dll",
        "lib/net40/Syncfusion.SfGauge.WPF.dll",
        "lib/net40/Syncfusion.SfGauge.WPF.xml",
        "lib/net45/Design/Syncfusion.Design.Wpf.dll",
        "lib/net45/Design/Syncfusion.SfGauge.WPF.DesignTools.dll",
        "lib/net45/Design/Syncfusion.SfGauge.WPF.Expression.Design.dll",
        "lib/net45/Design/Syncfusion.SfGauge.WPF.VisualStudio.Design.dll",
        "lib/net45/Syncfusion.SfGauge.WPF.dll",
        "lib/net45/Syncfusion.SfGauge.WPF.xml",
        "lib/net451/Design/Syncfusion.Design.Wpf.dll",
        "lib/net451/Design/Syncfusion.SfGauge.WPF.DesignTools.dll",
        "lib/net451/Design/Syncfusion.SfGauge.WPF.Expression.Design.dll",
        "lib/net451/Design/Syncfusion.SfGauge.WPF.VisualStudio.Design.dll",
        "lib/net451/Syncfusion.SfGauge.WPF.dll",
        "lib/net451/Syncfusion.SfGauge.WPF.xml",
        "lib/net46/Design/Syncfusion.Design.Wpf.dll",
        "lib/net46/Design/Syncfusion.SfGauge.WPF.DesignTools.dll",
        "lib/net46/Design/Syncfusion.SfGauge.WPF.Expression.Design.dll",
        "lib/net46/Design/Syncfusion.SfGauge.WPF.VisualStudio.Design.dll",
        "lib/net46/Syncfusion.SfGauge.WPF.dll",
        "lib/net46/Syncfusion.SfGauge.WPF.xml",
        "lib/net5.0-windows7.0/Design/Syncfusion.SfGauge.WPF.DesignTools.dll",
        "lib/net5.0-windows7.0/Syncfusion.SfGauge.WPF.dll",
        "lib/net5.0-windows7.0/Syncfusion.SfGauge.WPF.xml",
        "lib/netcoreapp3.1/Design/Syncfusion.SfGauge.WPF.DesignTools.dll",
        "lib/netcoreapp3.1/Syncfusion.SfGauge.WPF.dll",
        "lib/netcoreapp3.1/Syncfusion.SfGauge.WPF.xml",
        "syncfusion.sfgauge.wpf.20.1.0.47.nupkg.sha512",
        "syncfusion.sfgauge.wpf.nuspec",
        "syncfusion_logo.png",
        "tools/VisualStudioToolsManifest.xml"
      ]
    },
    "Syncfusion.SfSkinManager.WPF/20.1.0.47": {
      "sha512": "kKtNrAWOo4lDZ8PWFiii6AJvTn/4CKht9SO2MhyfQO37gzptkzLykTXZ3DCy9fiOlzWLh8w8t4vZYKp6EHFUKA==",
      "type": "package",
      "path": "syncfusion.sfskinmanager.wpf/20.1.0.47",
      "files": [
        ".nupkg.metadata",
        ".signature.p7s",
        "LICENSE.txt",
        "README.md",
        "lib/net40/Syncfusion.SfSkinManager.WPF.dll",
        "lib/net40/Syncfusion.SfSkinManager.WPF.xml",
        "lib/net45/Syncfusion.SfSkinManager.WPF.dll",
        "lib/net45/Syncfusion.SfSkinManager.WPF.xml",
        "lib/net451/Syncfusion.SfSkinManager.WPF.dll",
        "lib/net451/Syncfusion.SfSkinManager.WPF.xml",
        "lib/net46/Syncfusion.SfSkinManager.WPF.dll",
        "lib/net46/Syncfusion.SfSkinManager.WPF.xml",
        "lib/net5.0-windows7.0/Syncfusion.SfSkinManager.WPF.dll",
        "lib/net5.0-windows7.0/Syncfusion.SfSkinManager.WPF.xml",
        "lib/netcoreapp3.1/Syncfusion.SfSkinManager.WPF.dll",
        "lib/netcoreapp3.1/Syncfusion.SfSkinManager.WPF.xml",
        "syncfusion.sfskinmanager.wpf.20.1.0.47.nupkg.sha512",
        "syncfusion.sfskinmanager.wpf.nuspec",
        "syncfusion_logo.png"
      ]
    },
    "Syncfusion.Shared.WPF/20.1.0.47": {
      "sha512": "VTv2YAoNzYfPXUKBlHTws6iFfTTgppP9ABTYbErZX5EIIu6auRrQxsv6dImQx4T877xLyvxtGsLCAMA8yF5vMw==",
      "type": "package",
      "path": "syncfusion.shared.wpf/20.1.0.47",
      "hasTools": true,
      "files": [
        ".nupkg.metadata",
        ".signature.p7s",
        "LICENSE.txt",
        "README.md",
        "lib/net35/Design/Syncfusion.Design.Wpf.dll",
        "lib/net35/Design/Syncfusion.Shared.WPF.DesignTools.dll",
        "lib/net35/Design/Syncfusion.Shared.Wpf.Expression.Design.dll",
        "lib/net35/Design/Syncfusion.Shared.Wpf.VisualStudio.Design.dll",
        "lib/net35/Design/Syncfusion.Shared.Wpf.dll.Design.dll",
        "lib/net35/Syncfusion.Shared.WPF.dll",
        "lib/net35/Syncfusion.Shared.WPF.xml",
        "lib/net40/Design/Syncfusion.Design.Wpf.dll",
        "lib/net40/Design/Syncfusion.Shared.WPF.DesignTools.dll",
        "lib/net40/Design/Syncfusion.Shared.Wpf.Expression.Design.dll",
        "lib/net40/Design/Syncfusion.Shared.Wpf.VisualStudio.Design.dll",
        "lib/net40/Design/Syncfusion.Shared.Wpf.dll.Design.dll",
        "lib/net40/Syncfusion.Shared.WPF.dll",
        "lib/net40/Syncfusion.Shared.WPF.xml",
        "lib/net45/Design/Syncfusion.Design.Wpf.dll",
        "lib/net45/Design/Syncfusion.Shared.WPF.DesignTools.dll",
        "lib/net45/Design/Syncfusion.Shared.Wpf.Expression.Design.dll",
        "lib/net45/Design/Syncfusion.Shared.Wpf.VisualStudio.Design.dll",
        "lib/net45/Design/Syncfusion.Shared.Wpf.dll.Design.dll",
        "lib/net45/Syncfusion.Shared.WPF.dll",
        "lib/net45/Syncfusion.Shared.WPF.xml",
        "lib/net451/Design/Syncfusion.Design.Wpf.dll",
        "lib/net451/Design/Syncfusion.Shared.WPF.DesignTools.dll",
        "lib/net451/Design/Syncfusion.Shared.Wpf.Expression.Design.dll",
        "lib/net451/Design/Syncfusion.Shared.Wpf.VisualStudio.Design.dll",
        "lib/net451/Design/Syncfusion.Shared.Wpf.dll.Design.dll",
        "lib/net451/Syncfusion.Shared.WPF.dll",
        "lib/net451/Syncfusion.Shared.WPF.xml",
        "lib/net46/Design/Syncfusion.Design.Wpf.dll",
        "lib/net46/Design/Syncfusion.Shared.WPF.DesignTools.dll",
        "lib/net46/Design/Syncfusion.Shared.Wpf.Expression.Design.dll",
        "lib/net46/Design/Syncfusion.Shared.Wpf.VisualStudio.Design.dll",
        "lib/net46/Design/Syncfusion.Shared.Wpf.dll.Design.dll",
        "lib/net46/Syncfusion.Shared.WPF.dll",
        "lib/net46/Syncfusion.Shared.WPF.xml",
        "lib/net5.0-windows7.0/Design/Syncfusion.Shared.WPF.DesignTools.dll",
        "lib/net5.0-windows7.0/Syncfusion.Shared.WPF.dll",
        "lib/net5.0-windows7.0/Syncfusion.Shared.WPF.xml",
        "lib/netcoreapp3.1/Design/Syncfusion.Shared.WPF.DesignTools.dll",
        "lib/netcoreapp3.1/Syncfusion.Shared.WPF.dll",
        "lib/netcoreapp3.1/Syncfusion.Shared.WPF.xml",
        "syncfusion.shared.wpf.20.1.0.47.nupkg.sha512",
        "syncfusion.shared.wpf.nuspec",
        "syncfusion_logo.png",
        "tools/VisualStudioToolsManifest.xml"
      ]
    },
    "Syncfusion.Themes.MaterialDark.WPF/20.1.0.47": {
      "sha512": "+13FT7kpdESlJ84FJ3QK06rkpSP5JbS5Ik9u6em/nCLZgm4lPxzkWrrPdzk1XMVL6P2KrMys+mlr3yXYvySiWA==",
      "type": "package",
      "path": "syncfusion.themes.materialdark.wpf/20.1.0.47",
      "files": [
        ".nupkg.metadata",
        ".signature.p7s",
        "LICENSE.txt",
        "README.md",
        "lib/net40/Syncfusion.Themes.MaterialDark.WPF.dll",
        "lib/net40/Syncfusion.Themes.MaterialDark.WPF.xml",
        "lib/net45/Syncfusion.Themes.MaterialDark.WPF.dll",
        "lib/net45/Syncfusion.Themes.MaterialDark.WPF.xml",
        "lib/net451/Syncfusion.Themes.MaterialDark.WPF.dll",
        "lib/net451/Syncfusion.Themes.MaterialDark.WPF.xml",
        "lib/net46/Syncfusion.Themes.MaterialDark.WPF.dll",
        "lib/net46/Syncfusion.Themes.MaterialDark.WPF.xml",
        "lib/net5.0-windows7.0/Syncfusion.Themes.MaterialDark.WPF.dll",
        "lib/net5.0-windows7.0/Syncfusion.Themes.MaterialDark.WPF.xml",
        "lib/netcoreapp3.1/Syncfusion.Themes.MaterialDark.WPF.dll",
        "lib/netcoreapp3.1/Syncfusion.Themes.MaterialDark.WPF.xml",
        "syncfusion.themes.materialdark.wpf.20.1.0.47.nupkg.sha512",
        "syncfusion.themes.materialdark.wpf.nuspec",
        "syncfusion_logo.png"
      ]
    }
  },
  "projectFileDependencyGroups": {
    "net6.0-windows7.0": [
      "Syncfusion.SfGauge.WPF >= 20.1.0.47",
      "Syncfusion.SfSkinManager.WPF >= 20.1.0.47",
      "Syncfusion.Shared.WPF >= 20.1.0.47",
      "Syncfusion.Themes.MaterialDark.WPF >= 20.1.0.47"
    ]
  },
  "packageFolders": {
    "C:\\Users\\johnd\\.nuget\\packages\\": {},
    "C:\\Program Files (x86)\\Microsoft Visual Studio\\Shared\\NuGetPackages": {},
    "C:\\Program Files (x86)\\Microsoft\\Xamarin\\NuGet\\": {}
  },
  "project": {
    "version": "1.0.0",
    "restore": {
      "projectUniqueName": "C:\\Users\\johnd\\Desktop\\repos3\\wpf-demos\\showcase\\car dashboard\\syncfusion.cardashboard.wpf_lib_60.csproj",
      "projectName": "syncfusion.cardashboard.wpf",
      "projectPath": "C:\\Users\\johnd\\Desktop\\repos3\\wpf-demos\\showcase\\car dashboard\\syncfusion.cardashboard.wpf_lib_60.csproj",
      "packagesPath": "C:\\Users\\johnd\\.nuget\\packages\\",
      "outputPath": "C:\\Users\\johnd\\Desktop\\repos3\\wpf-demos\\showcase\\car dashboard\\obj_60\\",
      "projectStyle": "PackageReference",
      "fallbackFolders": [
        "C:\\Program Files (x86)\\Microsoft Visual Studio\\Shared\\NuGetPackages",
        "C:\\Program Files (x86)\\Microsoft\\Xamarin\\NuGet\\"
      ],
      "configFilePaths": [
        "C:\\Users\\johnd\\AppData\\Roaming\\NuGet\\NuGet.Config",
        "C:\\Program Files (x86)\\NuGet\\Config\\Microsoft.VisualStudio.FallbackLocation.config",
        "C:\\Program Files (x86)\\NuGet\\Config\\Microsoft.VisualStudio.Offline.config",
        "C:\\Program Files (x86)\\NuGet\\Config\\Xamarin.Offline.config"
      ],
      "originalTargetFrameworks": [
        "net6.0-windows7.0"
      ],
      "sources": {
        "C:\\Program Files (x86)\\Microsoft SDKs\\NuGetPackages\\": {},
        "https://api.nuget.org/v3/index.json": {}
      },
      "frameworks": {
        "net6.0-windows7.0": {
          "targetAlias": "net6.0-windows",
          "projectReferences": {}
        }
      },
      "warningProperties": {
        "warnAsError": [
          "NU1605"
        ]
      }
    },
    "frameworks": {
      "net6.0-windows7.0": {
        "targetAlias": "net6.0-windows",
        "dependencies": {
          "Syncfusion.SfGauge.WPF": {
            "target": "Package",
            "version": "[20.1.0.47, )"
          },
          "Syncfusion.SfSkinManager.WPF": {
            "target": "Package",
            "version": "[20.1.0.47, )"
          },
          "Syncfusion.Shared.WPF": {
            "target": "Package",
            "version": "[20.1.0.47, )"
          },
          "Syncfusion.Themes.MaterialDark.WPF": {
            "target": "Package",
            "version": "[20.1.0.47, )"
          }
        },
        "imports": [
          "net461",
          "net462",
          "net47",
          "net471",
          "net472",
          "net48"
        ],
        "assetTargetFallback": true,
        "warn": true,
        "frameworkReferences": {
          "Microsoft.NETCore.App": {
            "privateAssets": "all"
          },
          "Microsoft.WindowsDesktop.App": {
            "privateAssets": "none"
          }
        },
        "runtimeIdentifierGraphPath": "C:\\Program Files\\dotnet\\sdk\\6.0.202\\RuntimeIdentifierGraph.json"
      }
    }
  }
}